
Microsoft Visual Studio Solution File, Format Version 12.00
# Visual Studio Version 17
VisualStudioVersion = 17.0.32014.148
MinimumVisualStudioVersion = 10.0.40219.1
Project("{FAE04EC0-301F-11D3-BF4B-00C04F79EFBC}") = "iTeamFresh", "iTeamFresh\iTeamFresh.csproj", "{6C5B7048-84FB-4267-A30D-A99DF3291B02}"
EndProject
Project("{FAE04EC0-301F-11D3-BF4B-00C04F79EFBC}") = "Indicators", "Indicators\Indicators.csproj", "{68333E94-2F46-4C67-A042-CFB26BA21F97}"
EndProject
Project("{FAE04EC0-301F-11D3-BF4B-00C04F79EFBC}") = "IOmodules", "IODOmoduls\IOmodules.csproj", "{7C2FD3C1-1BB9-49BD-B7DF-5E5EF3D240F1}"
EndProject
Project("{FAE04EC0-301F-11D3-BF4B-00C04F79EFBC}") = "Languages", "Languages\Languages.csproj", "{AB1A716B-3D37-4EE2-B083-8D8B81F05291}"
EndProject
Project("{FAE04EC0-301F-11D3-BF4B-00C04F79EFBC}") = "DataBase", "DataBase\DataBase.csproj", "{67B9C7AF-7718-4D09-8610-218B9245BACF}"
EndProject
Global
	GlobalSection(SolutionConfigurationPlatforms) = preSolution
		Debug|Any CPU = Debug|Any CPU
		Release|Any CPU = Release|Any CPU
	EndGlobalSection
	GlobalSection(ProjectConfigurationPlatforms) = postSolution
		{6C5B7048-84FB-4267-A30D-A99DF3291B02}.Debug|Any CPU.ActiveCfg = Debug|Any CPU
		{6C5B7048-84FB-4267-A30D-A99DF3291B02}.Debug|Any CPU.Build.0 = Debug|Any CPU
		{6C5B7048-84FB-4267-A30D-A99DF3291B02}.Release|Any CPU.ActiveCfg = Release|Any CPU
		{6C5B7048-84FB-4267-A30D-A99DF3291B02}.Release|Any CPU.Build.0 = Release|Any CPU
		{68333E94-2F46-4C67-A042-CFB26BA21F97}.Debug|Any CPU.ActiveCfg = Debug|Any CPU
		{68333E94-2F46-4C67-A042-CFB26BA21F97}.Debug|Any CPU.Build.0 = Debug|Any CPU
		{68333E94-2F46-4C67-A042-CFB26BA21F97}.Release|Any CPU.ActiveCfg = Release|Any CPU
		{68333E94-2F46-4C67-A042-CFB26BA21F97}.Release|Any CPU.Build.0 = Release|Any CPU
		{7C2FD3C1-1BB9-49BD-B7DF-5E5EF3D240F1}.Debug|Any CPU.ActiveCfg = Debug|Any CPU
		{7C2FD3C1-1BB9-49BD-B7DF-5E5EF3D240F1}.Debug|Any CPU.Build.0 = Debug|Any CPU
		{7C2FD3C1-1BB9-49BD-B7DF-5E5EF3D240F1}.Release|Any CPU.ActiveCfg = Release|Any CPU
		{7C2FD3C1-1BB9-49BD-B7DF-5E5EF3D240F1}.Release|Any CPU.Build.0 = Release|Any CPU
		{AB1A716B-3D37-4EE2-B083-8D8B81F05291}.Debug|Any CPU.ActiveCfg = Debug|Any CPU
		{AB1A716B-3D37-4EE2-B083-8D8B81F05291}.Debug|Any CPU.Build.0 = Debug|Any CPU
		{AB1A716B-3D37-4EE2-B083-8D8B81F05291}.Release|Any CPU.ActiveCfg = Release|Any CPU
		{AB1A716B-3D37-4EE2-B083-8D8B81F05291}.Release|Any CPU.Build.0 = Release|Any CPU
		{67B9C7AF-7718-4D09-8610-218B9245BACF}.Debug|Any CPU.ActiveCfg = Debug|Any CPU
		{67B9C7AF-7718-4D09-8610-218B9245BACF}.Debug|Any CPU.Build.0 = Debug|Any CPU
		{67B9C7AF-7718-4D09-8610-218B9245BACF}.Release|Any CPU.ActiveCfg = Release|Any CPU
		{67B9C7AF-7718-4D09-8610-218B9245BACF}.Release|Any CPU.Build.0 = Release|Any CPU
	EndGlobalSection
	GlobalSection(SolutionProperties) = preSolution
		HideSolutionNode = FALSE
	EndGlobalSection
	GlobalSection(ExtensibilityGlobals) = postSolution
		SolutionGuid = {125A7DC2-C1C4-4E9E-A716-FA5DFFA4B008}
	EndGlobalSection
EndGlobal
